
Microsoft Visual Studio Solution File, Format Version 12.00
# Visual Studio Version 17
VisualStudioVersion = 17.0.31919.166
MinimumVisualStudioVersion = 10.0.40219.1
Project("{FAE04EC0-301F-11D3-BF4B-00C04F79EFBC}") = "PhoneBook", "PhoneBook\PhoneBook.csproj", "{A7066E17-514E-4366-A2CE-A53D84351316}"
EndProject
Global
	GlobalSection(SolutionConfigurationPlatforms) = preSolution
		Debug|Any CPU = Debug|Any CPU
		Release|Any CPU = Release|Any CPU
	EndGlobalSection
	GlobalSection(ProjectConfigurationPlatforms) = postSolution
		{A7066E17-514E-4366-A2CE-A53D84351316}.Debug|Any CPU.ActiveCfg = Debug|Any CPU
		{A7066E17-514E-4366-A2CE-A53D84351316}.Debug|Any CPU.Build.0 = Debug|Any CPU
		{A7066E17-514E-4366-A2CE-A53D84351316}.Release|Any CPU.ActiveCfg = Release|Any CPU
		{A7066E17-514E-4366-A2CE-A53D84351316}.Release|Any CPU.Build.0 = Release|Any CPU
	EndGlobalSection
	GlobalSection(SolutionProperties) = preSolution
		HideSolutionNode = FALSE
	EndGlobalSection
	GlobalSection(ExtensibilityGlobals) = postSolution
		SolutionGuid = {4BD5D6A1-B662-432A-95EC-850C714F7607}
	EndGlobalSection
EndGlobal
